// !$*UTF8*$!
{
	archiveVersion = 1;
	classes = {
	};
	objectVersion = 46;
	objects = {

/* Begin PBXBuildFile section */
		04059FED187202A200BA6557 /* libz.dylib in Frameworks */ = {isa = PBXBuildFile; fileRef = 04059FEC187202A200BA6557 /* libz.dylib */; };
		04059FEF187202AC00BA6557 /* OpenGL.framework in Frameworks */ = {isa = PBXBuildFile; fileRef = 04059FEE187202AC00BA6557 /* OpenGL.framework */; };
		0405A00018720D2200BA6557 /* libjpeg.a in Frameworks */ = {isa = PBXBuildFile; fileRef = 04059FF01872031A00BA6557 /* libjpeg.a */; };
		0405A00118720D2200BA6557 /* libpng.a in Frameworks */ = {isa = PBXBuildFile; fileRef = 04059FF11872031A00BA6557 /* libpng.a */; };
		049B57321871FBE900EF3C66 /* Cocoa.framework in Frameworks */ = {isa = PBXBuildFile; fileRef = 049B57311871FBE900EF3C66 /* Cocoa.framework */; };
		049B574A1871FBE900EF3C66 /* Images.xcassets in Resources */ = {isa = PBXBuildFile; fileRef = 049B57491871FBE900EF3C66 /* Images.xcassets */; };
		5321FF8A1EBA392900DE59C5 /* Entity.cpp in Sources */ = {isa = PBXBuildFile; fileRef = 5321FF791EBA392900DE59C5 /* Entity.cpp */; };
		5321FF8B1EBA392900DE59C5 /* Game.cpp in Sources */ = {isa = PBXBuildFile; fileRef = 5321FF7B1EBA392900DE59C5 /* Game.cpp */; };
		5321FF8C1EBA392900DE59C5 /* Hero.cpp in Sources */ = {isa = PBXBuildFile; fileRef = 5321FF7D1EBA392900DE59C5 /* Hero.cpp */; };
		5321FF8D1EBA392900DE59C5 /* main.cpp in Sources */ = {isa = PBXBuildFile; fileRef = 5321FF7F1EBA392900DE59C5 /* main.cpp */; };
		5321FF8E1EBA392900DE59C5 /* MainActor.cpp in Sources */ = {isa = PBXBuildFile; fileRef = 5321FF801EBA392900DE59C5 /* MainActor.cpp */; };
		5321FF8F1EBA392900DE59C5 /* Mob.cpp in Sources */ = {isa = PBXBuildFile; fileRef = 5321FF821EBA392900DE59C5 /* Mob.cpp */; };
		5321FF901EBA392900DE59C5 /* Plant.cpp in Sources */ = {isa = PBXBuildFile; fileRef = 5321FF841EBA392900DE59C5 /* Plant.cpp */; };
		5321FF911EBA392900DE59C5 /* SpecialPlant.cpp in Sources */ = {isa = PBXBuildFile; fileRef = 5321FF861EBA392900DE59C5 /* SpecialPlant.cpp */; };
		5321FF921EBA392900DE59C5 /* Utils.cpp in Sources */ = {isa = PBXBuildFile; fileRef = 5321FF881EBA392900DE59C5 /* Utils.cpp */; };
/* End PBXBuildFile section */

/* Begin PBXFileReference section */
		04059FEC187202A200BA6557 /* libz.dylib */ = {isa = PBXFileReference; lastKnownFileType = "compiled.mach-o.dylib"; name = libz.dylib; path = usr/lib/libz.dylib; sourceTree = SDKROOT; };
		04059FEE187202AC00BA6557 /* OpenGL.framework */ = {isa = PBXFileReference; lastKnownFileType = wrapper.framework; name = OpenGL.framework; path = System/Library/Frameworks/OpenGL.framework; sourceTree = SDKROOT; };
		04059FF01872031A00BA6557 /* libjpeg.a */ = {isa = PBXFileReference; lastKnownFileType = archive.ar; name = libjpeg.a; path = "../oxygine-framework-with-sdl/oxygine-framework/oxygine/third_party/macosx/libraries/libjpeg.a"; sourceTree = "<group>"; };
		04059FF11872031A00BA6557 /* libpng.a */ = {isa = PBXFileReference; lastKnownFileType = archive.ar; name = libpng.a; path = "../oxygine-framework-with-sdl/oxygine-framework/oxygine/third_party/macosx/libraries/libpng.a"; sourceTree = "<group>"; };
		04059FF4187203A600BA6557 /* libjpeg.a */ = {isa = PBXFileReference; lastKnownFileType = archive.ar; name = libjpeg.a; path = "../oxygine-framework-with-sdl/oxygine-framework/oxygine/third_party/ios/libraries/libjpeg.a"; sourceTree = "<group>"; };
		04059FF5187203A600BA6557 /* libpng.a */ = {isa = PBXFileReference; lastKnownFileType = archive.ar; name = libpng.a; path = "../oxygine-framework-with-sdl/oxygine-framework/oxygine/third_party/ios/libraries/libpng.a"; sourceTree = "<group>"; };
		049B572E1871FBE900EF3C66 /* 2D-RPG_macosx.app */ = {isa = PBXFileReference; explicitFileType = wrapper.application; includeInIndex = 0; path = "2D-RPG_macosx.app"; sourceTree = BUILT_PRODUCTS_DIR; };
		049B57311871FBE900EF3C66 /* Cocoa.framework */ = {isa = PBXFileReference; lastKnownFileType = wrapper.framework; name = Cocoa.framework; path = System/Library/Frameworks/Cocoa.framework; sourceTree = SDKROOT; };
		049B57341871FBE900EF3C66 /* AppKit.framework */ = {isa = PBXFileReference; lastKnownFileType = wrapper.framework; name = AppKit.framework; path = System/Library/Frameworks/AppKit.framework; sourceTree = SDKROOT; };
		049B57351871FBE900EF3C66 /* CoreData.framework */ = {isa = PBXFileReference; lastKnownFileType = wrapper.framework; name = CoreData.framework; path = System/Library/Frameworks/CoreData.framework; sourceTree = SDKROOT; };
		049B57361871FBE900EF3C66 /* Foundation.framework */ = {isa = PBXFileReference; lastKnownFileType = wrapper.framework; name = Foundation.framework; path = System/Library/Frameworks/Foundation.framework; sourceTree = SDKROOT; };
		049B57391871FBE900EF3C66 /* 2D-RPG_macosx-Info.plist */ = {isa = PBXFileReference; lastKnownFileType = text.plist.xml; path = "2D-RPG_macosx-Info.plist"; sourceTree = "<group>"; };
		049B57491871FBE900EF3C66 /* Images.xcassets */ = {isa = PBXFileReference; lastKnownFileType = folder.assetcatalog; name = Images.xcassets; path = "2D-RPG/Images.xcassets"; sourceTree = "<group>"; };
		049B57501871FBE900EF3C66 /* XCTest.framework */ = {isa = PBXFileReference; lastKnownFileType = wrapper.framework; name = XCTest.framework; path = Library/Frameworks/XCTest.framework; sourceTree = DEVELOPER_DIR; };
		04A57D761871FFEB0068B1E5 /* oxygine_macosx.xcodeproj */ = {isa = PBXFileReference; lastKnownFileType = "wrapper.pb-project"; name = oxygine_macosx.xcodeproj; path = "../oxygine-framework-with-sdl/oxygine-framework/oxygine/SDL/macosx/oxygine_macosx/oxygine_macosx.xcodeproj"; sourceTree = "<group>"; };
		04A57D7E1872012A0068B1E5 /* oxygine_macosx.xcodeproj */ = {isa = PBXFileReference; lastKnownFileType = "wrapper.pb-project"; name = oxygine_macosx.xcodeproj; path = "../oxygine-framework-with-sdl/SDL/Xcode/oxygine_macosx.xcodeproj"; sourceTree = "<group>"; };
		5321FF791EBA392900DE59C5 /* Entity.cpp */ = {isa = PBXFileReference; fileEncoding = 4; lastKnownFileType = sourcecode.cpp.cpp; name = Entity.cpp; path = ../src/Entity.cpp; sourceTree = "<group>"; };
		5321FF7A1EBA392900DE59C5 /* Entity.h */ = {isa = PBXFileReference; fileEncoding = 4; lastKnownFileType = sourcecode.c.h; name = Entity.h; path = ../src/Entity.h; sourceTree = "<group>"; };
		5321FF7B1EBA392900DE59C5 /* Game.cpp */ = {isa = PBXFileReference; fileEncoding = 4; lastKnownFileType = sourcecode.cpp.cpp; name = Game.cpp; path = ../src/Game.cpp; sourceTree = "<group>"; };
		5321FF7C1EBA392900DE59C5 /* Game.h */ = {isa = PBXFileReference; fileEncoding = 4; lastKnownFileType = sourcecode.c.h; name = Game.h; path = ../src/Game.h; sourceTree = "<group>"; };
		5321FF7D1EBA392900DE59C5 /* Hero.cpp */ = {isa = PBXFileReference; fileEncoding = 4; lastKnownFileType = sourcecode.cpp.cpp; name = Hero.cpp; path = ../src/Hero.cpp; sourceTree = "<group>"; };
		5321FF7E1EBA392900DE59C5 /* Hero.h */ = {isa = PBXFileReference; fileEncoding = 4; lastKnownFileType = sourcecode.c.h; name = Hero.h; path = ../src/Hero.h; sourceTree = "<group>"; };
		5321FF7F1EBA392900DE59C5 /* main.cpp */ = {isa = PBXFileReference; fileEncoding = 4; lastKnownFileType = sourcecode.cpp.cpp; name = main.cpp; path = ../src/main.cpp; sourceTree = "<group>"; };
		5321FF801EBA392900DE59C5 /* MainActor.cpp */ = {isa = PBXFileReference; fileEncoding = 4; lastKnownFileType = sourcecode.cpp.cpp; name = MainActor.cpp; path = ../src/MainActor.cpp; sourceTree = "<group>"; };
		5321FF811EBA392900DE59C5 /* libjpeg.a */ = {isa = PBXFileReference; fileEncoding = 4; lastKnownFileType = archive.ar; name = libjpeg.a; path = "../oxygine-framework/oxygine/third_party/macosx/libraries/libjpeg.a"; sourceTree = "<group>"; };
		5321FF821EBA392900DE59C5 /* Mob.cpp */ = {isa = PBXFileReference; fileEncoding = 4; lastKnownFileType = sourcecode.cpp.cpp; name = Mob.cpp; path = ../src/Mob.cpp; sourceTree = "<group>"; };
		5321FF831EBA392900DE59C5 /* Mob.h */ = {isa = PBXFileReference; fileEncoding = 4; lastKnownFileType = sourcecode.c.h; name = Mob.h; path = ../src/Mob.h; sourceTree = "<group>"; };
		5321FF841EBA392900DE59C5 /* Plant.cpp */ = {isa = PBXFileReference; fileEncoding = 4; lastKnownFileType = sourcecode.cpp.cpp; name = Plant.cpp; path = ../src/Plant.cpp; sourceTree = "<group>"; };
		5321FF851EBA392900DE59C5 /* Plant.h */ = {isa = PBXFileReference; fileEncoding = 4; lastKnownFileType = sourcecode.c.h; name = Plant.h; path = ../src/Plant.h; sourceTree = "<group>"; };
		5321FF861EBA392900DE59C5 /* SpecialPlant.cpp */ = {isa = PBXFileReference; fileEncoding = 4; lastKnownFileType = sourcecode.cpp.cpp; name = SpecialPlant.cpp; path = ../src/SpecialPlant.cpp; sourceTree = "<group>"; };
		5321FF871EBA392900DE59C5 /* SpecialPlant.h */ = {isa = PBXFileReference; fileEncoding = 4; lastKnownFileType = sourcecode.c.h; name = SpecialPlant.h; path = ../src/SpecialPlant.h; sourceTree = "<group>"; };
		5321FF881EBA392900DE59C5 /* Utils.cpp */ = {isa = PBXFileReference; fileEncoding = 4; lastKnownFileType = sourcecode.cpp.cpp; name = Utils.cpp; path = ../src/Utils.cpp; sourceTree = "<group>"; };
		5321FF891EBA392900DE59C5 /* Utils.h */ = {isa = PBXFileReference; fileEncoding = 4; lastKnownFileType = sourcecode.c.h; name = Utils.h; path = ../src/Utils.h; sourceTree = "<group>"; };
/* End PBXFileReference section */

/* Begin PBXFrameworksBuildPhase section */
		049B572B1871FBE900EF3C66 /* Frameworks */ = {
			isa = PBXFrameworksBuildPhase;
			buildActionMask = 2147483647;
			files = (
				0405A00018720D2200BA6557 /* libjpeg.a in Frameworks */,
				0405A00118720D2200BA6557 /* libpng.a in Frameworks */,
				04059FEF187202AC00BA6557 /* OpenGL.framework in Frameworks */,
				04059FED187202A200BA6557 /* libz.dylib in Frameworks */,
				049B57321871FBE900EF3C66 /* Cocoa.framework in Frameworks */,
			);
			runOnlyForDeploymentPostprocessing = 0;
		};
/* End PBXFrameworksBuildPhase section */

/* Begin PBXGroup section */
		049B57251871FBE900EF3C66 = {
			isa = PBXGroup;
			children = (
				049B57491871FBE900EF3C66 /* Images.xcassets */,
				049B57381871FBE900EF3C66 /* Supporting Files */,
				04A57D391871FF8B0068B1E5 /* src */,
				04A57D7E1872012A0068B1E5 /* oxygine_macosx.xcodeproj */,
				04A57D761871FFEB0068B1E5 /* oxygine_macosx.xcodeproj */,
				049B57301871FBE900EF3C66 /* Frameworks */,
				049B572F1871FBE900EF3C66 /* Products */,
			);
			sourceTree = "<group>";
		};
		049B572F1871FBE900EF3C66 /* Products */ = {
			isa = PBXGroup;
			children = (
				049B572E1871FBE900EF3C66 /* 2D-RPG_macosx.app */,
			);
			name = Products;
			sourceTree = "<group>";
		};
		049B57301871FBE900EF3C66 /* Frameworks */ = {
			isa = PBXGroup;
			children = (
				04059FF4187203A600BA6557 /* libjpeg.a */,
				04059FF5187203A600BA6557 /* libpng.a */,
				04059FF01872031A00BA6557 /* libjpeg.a */,
				04059FF11872031A00BA6557 /* libpng.a */,
				04059FEE187202AC00BA6557 /* OpenGL.framework */,
				04059FEC187202A200BA6557 /* libz.dylib */,
				049B57311871FBE900EF3C66 /* Cocoa.framework */,
				049B57501871FBE900EF3C66 /* XCTest.framework */,
				049B57331871FBE900EF3C66 /* Other Frameworks */,
			);
			name = Frameworks;
			sourceTree = "<group>";
		};
		049B57331871FBE900EF3C66 /* Other Frameworks */ = {
			isa = PBXGroup;
			children = (
				049B57341871FBE900EF3C66 /* AppKit.framework */,
				049B57351871FBE900EF3C66 /* CoreData.framework */,
				049B57361871FBE900EF3C66 /* Foundation.framework */,
			);
			name = "Other Frameworks";
			sourceTree = "<group>";
		};
		049B57381871FBE900EF3C66 /* Supporting Files */ = {
			isa = PBXGroup;
			children = (
				049B57391871FBE900EF3C66 /* 2D-RPG_macosx-Info.plist */,
			);
			name = "Supporting Files";
			sourceTree = "<group>";
		};
		04A57D391871FF8B0068B1E5 /* src */ = {
			isa = PBXGroup;
			children = (
				5321FF791EBA392900DE59C5 /* Entity.cpp */,
				5321FF7A1EBA392900DE59C5 /* Entity.h */,
				5321FF7B1EBA392900DE59C5 /* Game.cpp */,
				5321FF7C1EBA392900DE59C5 /* Game.h */,
				5321FF7D1EBA392900DE59C5 /* Hero.cpp */,
				5321FF7E1EBA392900DE59C5 /* Hero.h */,
				5321FF7F1EBA392900DE59C5 /* main.cpp */,
				5321FF801EBA392900DE59C5 /* MainActor.cpp */,
				5321FF811EBA392900DE59C5 /* libjpeg.a */,
				5321FF821EBA392900DE59C5 /* Mob.cpp */,
				5321FF831EBA392900DE59C5 /* Mob.h */,
				5321FF841EBA392900DE59C5 /* Plant.cpp */,
				5321FF851EBA392900DE59C5 /* Plant.h */,
				5321FF861EBA392900DE59C5 /* SpecialPlant.cpp */,
				5321FF871EBA392900DE59C5 /* SpecialPlant.h */,
				5321FF881EBA392900DE59C5 /* Utils.cpp */,
				5321FF891EBA392900DE59C5 /* Utils.h */,
			);
			name = src;
			sourceTree = "<group>";
		};
/* End PBXGroup section */

/* Begin PBXNativeTarget section */
		049B572D1871FBE900EF3C66 /* 2D-RPG_macosx */ = {
			isa = PBXNativeTarget;
			buildConfigurationList = 049B575F1871FBE900EF3C66 /* Build configuration list for PBXNativeTarget "2D-RPG_macosx" */;
			buildPhases = (
				049B572A1871FBE900EF3C66 /* Sources */,
				049B572B1871FBE900EF3C66 /* Frameworks */,
				049B572C1871FBE900EF3C66 /* Resources */,
			);
			buildRules = (
			);
			dependencies = (
			);
			name = "2D-RPG_macosx";
			productName = "2D-RPG";
			productReference = 049B572E1871FBE900EF3C66 /* 2D-RPG_macosx.app */;
			productType = "com.apple.product-type.application";
		};
/* End PBXNativeTarget section */

/* Begin PBXProject section */
		049B57261871FBE900EF3C66 /* Project object */ = {
			isa = PBXProject;
			attributes = {
				LastUpgradeCheck = 0610;
				ORGANIZATIONNAME = oxygine;
			};
			buildConfigurationList = 049B57291871FBE900EF3C66 /* Build configuration list for PBXProject "2D-RPG_macosx" */;
			compatibilityVersion = "Xcode 3.2";
			developmentRegion = English;
			hasScannedForEncodings = 0;
			knownRegions = (
				en,
				Base,
			);
			mainGroup = 049B57251871FBE900EF3C66;
			productRefGroup = 049B572F1871FBE900EF3C66 /* Products */;
			projectDirPath = "";
			projectRoot = "";
			targets = (
				049B572D1871FBE900EF3C66 /* 2D-RPG_macosx */,
			);
		};
/* End PBXProject section */

/* Begin PBXResourcesBuildPhase section */
		049B572C1871FBE900EF3C66 /* Resources */ = {
			isa = PBXResourcesBuildPhase;
			buildActionMask = 2147483647;
			files = (
				049B574A1871FBE900EF3C66 /* Images.xcassets in Resources */,
			);
			runOnlyForDeploymentPostprocessing = 0;
		};
/* End PBXResourcesBuildPhase section */

/* Begin PBXSourcesBuildPhase section */
		049B572A1871FBE900EF3C66 /* Sources */ = {
			isa = PBXSourcesBuildPhase;
			buildActionMask = 2147483647;
			files = (
				5321FF8F1EBA392900DE59C5 /* Mob.cpp in Sources */,
				5321FF911EBA392900DE59C5 /* SpecialPlant.cpp in Sources */,
				5321FF8C1EBA392900DE59C5 /* Hero.cpp in Sources */,
				5321FF901EBA392900DE59C5 /* Plant.cpp in Sources */,
				5321FF921EBA392900DE59C5 /* Utils.cpp in Sources */,
				5321FF8A1EBA392900DE59C5 /* Entity.cpp in Sources */,
				5321FF8D1EBA392900DE59C5 /* main.cpp in Sources */,
				5321FF8B1EBA392900DE59C5 /* Game.cpp in Sources */,
				5321FF8E1EBA392900DE59C5 /* MainActor.cpp in Sources */,
			);
			runOnlyForDeploymentPostprocessing = 0;
		};
/* End PBXSourcesBuildPhase section */

/* Begin XCBuildConfiguration section */
		049B575D1871FBE900EF3C66 /* Debug */ = {
			isa = XCBuildConfiguration;
			buildSettings = {
				ALWAYS_SEARCH_USER_PATHS = NO;
				CLANG_CXX_LANGUAGE_STANDARD = "gnu++0x";
				CLANG_CXX_LIBRARY = "libc++";
				CLANG_ENABLE_OBJC_ARC = NO;
				CLANG_WARN_BOOL_CONVERSION = YES;
				CLANG_WARN_CONSTANT_CONVERSION = YES;
				CLANG_WARN_DIRECT_OBJC_ISA_USAGE = YES_ERROR;
				CLANG_WARN_EMPTY_BODY = YES;
				CLANG_WARN_ENUM_CONVERSION = YES;
				CLANG_WARN_INT_CONVERSION = YES;
				CLANG_WARN_OBJC_ROOT_CLASS = YES_ERROR;
				CLANG_WARN__DUPLICATE_METHOD_MATCH = YES;
				COPY_PHASE_STRIP = NO;
				GCC_C_LANGUAGE_STANDARD = gnu99;
				GCC_DYNAMIC_NO_PIC = NO;
				GCC_ENABLE_OBJC_EXCEPTIONS = YES;
				GCC_OPTIMIZATION_LEVEL = 0;
				GCC_PREPROCESSOR_DEFINITIONS = (
					"DEBUG=1",
					"$(inherited)",
				);
				GCC_SYMBOLS_PRIVATE_EXTERN = NO;
				GCC_WARN_64_TO_32_BIT_CONVERSION = YES;
				GCC_WARN_ABOUT_RETURN_TYPE = YES_ERROR;
				GCC_WARN_UNDECLARED_SELECTOR = YES;
				GCC_WARN_UNINITIALIZED_AUTOS = YES;
				GCC_WARN_UNUSED_FUNCTION = YES;
				GCC_WARN_UNUSED_VARIABLE = YES;
				MACOSX_DEPLOYMENT_TARGET = 10.8;
				ONLY_ACTIVE_ARCH = YES;
				SDKROOT = macosx;
				USER_HEADER_SEARCH_PATHS = "../../../../../../../oxygine/oxygine-framework//oxygine/src ../../../../../../../oxygine//SDL/include";
				VALID_ARCHS = x86_64;
			};
			name = Debug;
		};
		049B575E1871FBE900EF3C66 /* Release */ = {
			isa = XCBuildConfiguration;
			buildSettings = {
				ALWAYS_SEARCH_USER_PATHS = NO;
				CLANG_CXX_LANGUAGE_STANDARD = "gnu++0x";
				CLANG_CXX_LIBRARY = "libc++";
				CLANG_ENABLE_OBJC_ARC = NO;
				CLANG_WARN_BOOL_CONVERSION = YES;
				CLANG_WARN_CONSTANT_CONVERSION = YES;
				CLANG_WARN_DIRECT_OBJC_ISA_USAGE = YES_ERROR;
				CLANG_WARN_EMPTY_BODY = YES;
				CLANG_WARN_ENUM_CONVERSION = YES;
				CLANG_WARN_INT_CONVERSION = YES;
				CLANG_WARN_OBJC_ROOT_CLASS = YES_ERROR;
				CLANG_WARN__DUPLICATE_METHOD_MATCH = YES;
				COPY_PHASE_STRIP = YES;
				DEBUG_INFORMATION_FORMAT = "dwarf-with-dsym";
				ENABLE_NS_ASSERTIONS = NO;
				GCC_C_LANGUAGE_STANDARD = gnu99;
				GCC_ENABLE_OBJC_EXCEPTIONS = YES;
				GCC_WARN_64_TO_32_BIT_CONVERSION = YES;
				GCC_WARN_ABOUT_RETURN_TYPE = YES_ERROR;
				GCC_WARN_UNDECLARED_SELECTOR = YES;
				GCC_WARN_UNINITIALIZED_AUTOS = YES;
				GCC_WARN_UNUSED_FUNCTION = YES;
				GCC_WARN_UNUSED_VARIABLE = YES;
				MACOSX_DEPLOYMENT_TARGET = 10.8;
				ONLY_ACTIVE_ARCH = YES;
				SDKROOT = macosx;
				USER_HEADER_SEARCH_PATHS = "../../../../../../../oxygine/oxygine-framework//oxygine/src ../../../../../../../oxygine//SDL/include";
				VALID_ARCHS = x86_64;
			};
			name = Release;
		};
		049B57601871FBE900EF3C66 /* Debug */ = {
			isa = XCBuildConfiguration;
			buildSettings = {
				ASSETCATALOG_COMPILER_APPICON_NAME = AppIcon;
				COMBINE_HIDPI_IMAGES = YES;
				GCC_PRECOMPILE_PREFIX_HEADER = YES;
				GCC_PREFIX_HEADER = "2D-RPG/2D-RPG_macosx-Prefix.pch";
				INFOPLIST_FILE = "2D-RPG_macosx-Info.plist";
				LIBRARY_SEARCH_PATHS = (
					"$(inherited)",
					"../../../../../../../oxygine/oxygine-framework//oxygine/third_party/macosx/libraries",
					"../../../../../../../oxygine/oxygine-framework//oxygine/third_party/ios/libraries",
				);
				PRODUCT_NAME = "2D-RPG_macosx";
				WRAPPER_EXTENSION = app;
			};
			name = Debug;
		};
		049B57611871FBE900EF3C66 /* Release */ = {
			isa = XCBuildConfiguration;
			buildSettings = {
				ASSETCATALOG_COMPILER_APPICON_NAME = AppIcon;
				COMBINE_HIDPI_IMAGES = YES;
				GCC_PRECOMPILE_PREFIX_HEADER = YES;
				GCC_PREFIX_HEADER = "2D-RPG/2D-RPG_macosx-Prefix.pch";
				INFOPLIST_FILE = "2D-RPG_macosx-Info.plist";
				LIBRARY_SEARCH_PATHS = (
					"$(inherited)",
					"../../../../../../../oxygine/oxygine-framework//oxygine/third_party/macosx/libraries",
					"../../../../../../../oxygine/oxygine-framework//oxygine/third_party/ios/libraries",
				);
				PRODUCT_NAME = "2D-RPG_macosx";
				WRAPPER_EXTENSION = app;
			};
			name = Release;
		};
/* End XCBuildConfiguration section */

/* Begin XCConfigurationList section */
		049B57291871FBE900EF3C66 /* Build configuration list for PBXProject "2D-RPG_macosx" */ = {
			isa = XCConfigurationList;
			buildConfigurations = (
				049B575D1871FBE900EF3C66 /* Debug */,
				049B575E1871FBE900EF3C66 /* Release */,
			);
			defaultConfigurationIsVisible = 0;
			defaultConfigurationName = Release;
		};
		049B575F1871FBE900EF3C66 /* Build configuration list for PBXNativeTarget "2D-RPG_macosx" */ = {
			isa = XCConfigurationList;
			buildConfigurations = (
				049B57601871FBE900EF3C66 /* Debug */,
				049B57611871FBE900EF3C66 /* Release */,
			);
			defaultConfigurationIsVisible = 0;
			defaultConfigurationName = Release;
		};
/* End XCConfigurationList section */
	};
	rootObject = 049B57261871FBE900EF3C66 /* Project object */;
}
